
Microsoft Visual Studio Solution File, Format Version 12.00
Project("{2150E333-8FDC-42A3-9474-1A3956D46DE8}") = "src", "src", "{094F526D-6C6E-4AD0-BE67-5D2911F7A545}"
EndProject
Project("{2150E333-8FDC-42A3-9474-1A3956D46DE8}") = "common", "common", "{30C24C48-4492-402F-B15E-B7E3114761A0}"
	ProjectSection(SolutionItems) = preProject
		.gitignore = .gitignore
		docker-compose.yml = docker-compose.yml
		.editorconfig = .editorconfig
	EndProjectSection
EndProject
Project("{2150E333-8FDC-42A3-9474-1A3956D46DE8}") = "tests", "tests", "{01BB5F7B-7A88-4974-B35D-1521DAB58309}"
EndProject
Project("{FAE04EC0-301F-11D3-BF4B-00C04F79EFBC}") = "SolutionTemplate", "src\SolutionTemplate\SolutionTemplate.csproj", "{9F2A1326-E2DE-4F2B-9925-4CF60D7BE38A}"
EndProject
Project("{2150E333-8FDC-42A3-9474-1A3956D46DE8}") = "Persistence", "Persistence", "{53260C78-FFE4-435A-A7EC-FF1308E1F919}"
EndProject
Project("{FAE04EC0-301F-11D3-BF4B-00C04F79EFBC}") = "SolutionTemplate.Persistence.Abstractions", "src\Persistence\SolutionTemplate.Persistence.Abstractions\SolutionTemplate.Persistence.Abstractions.csproj", "{A190F756-4551-4859-A707-91E564156DBF}"
EndProject
Project("{FAE04EC0-301F-11D3-BF4B-00C04F79EFBC}") = "SolutionTemplate.Domain", "src\SolutionTemplate.Domain\SolutionTemplate.Domain.csproj", "{06801901-39EA-4787-B5FB-5BC1D43A2598}"
EndProject
Project("{FAE04EC0-301F-11D3-BF4B-00C04F79EFBC}") = "SolutionTemplate.Persistence", "src\Persistence\SolutionTemplate.Persistence\SolutionTemplate.Persistence.csproj", "{8146F8D1-9976-41BE-A162-22BEDBD3C3FA}"
EndProject
Global
	GlobalSection(SolutionConfigurationPlatforms) = preSolution
		Debug|Any CPU = Debug|Any CPU
		Release|Any CPU = Release|Any CPU
	EndGlobalSection
	GlobalSection(NestedProjects) = preSolution
		{9F2A1326-E2DE-4F2B-9925-4CF60D7BE38A} = {094F526D-6C6E-4AD0-BE67-5D2911F7A545}
		{53260C78-FFE4-435A-A7EC-FF1308E1F919} = {094F526D-6C6E-4AD0-BE67-5D2911F7A545}
		{A190F756-4551-4859-A707-91E564156DBF} = {53260C78-FFE4-435A-A7EC-FF1308E1F919}
		{06801901-39EA-4787-B5FB-5BC1D43A2598} = {094F526D-6C6E-4AD0-BE67-5D2911F7A545}
		{8146F8D1-9976-41BE-A162-22BEDBD3C3FA} = {53260C78-FFE4-435A-A7EC-FF1308E1F919}
	EndGlobalSection
	GlobalSection(ProjectConfigurationPlatforms) = postSolution
		{9F2A1326-E2DE-4F2B-9925-4CF60D7BE38A}.Debug|Any CPU.ActiveCfg = Debug|Any CPU
		{9F2A1326-E2DE-4F2B-9925-4CF60D7BE38A}.Debug|Any CPU.Build.0 = Debug|Any CPU
		{9F2A1326-E2DE-4F2B-9925-4CF60D7BE38A}.Release|Any CPU.ActiveCfg = Release|Any CPU
		{9F2A1326-E2DE-4F2B-9925-4CF60D7BE38A}.Release|Any CPU.Build.0 = Release|Any CPU
		{A190F756-4551-4859-A707-91E564156DBF}.Debug|Any CPU.ActiveCfg = Debug|Any CPU
		{A190F756-4551-4859-A707-91E564156DBF}.Debug|Any CPU.Build.0 = Debug|Any CPU
		{A190F756-4551-4859-A707-91E564156DBF}.Release|Any CPU.ActiveCfg = Release|Any CPU
		{A190F756-4551-4859-A707-91E564156DBF}.Release|Any CPU.Build.0 = Release|Any CPU
		{06801901-39EA-4787-B5FB-5BC1D43A2598}.Debug|Any CPU.ActiveCfg = Debug|Any CPU
		{06801901-39EA-4787-B5FB-5BC1D43A2598}.Debug|Any CPU.Build.0 = Debug|Any CPU
		{06801901-39EA-4787-B5FB-5BC1D43A2598}.Release|Any CPU.ActiveCfg = Release|Any CPU
		{06801901-39EA-4787-B5FB-5BC1D43A2598}.Release|Any CPU.Build.0 = Release|Any CPU
		{8146F8D1-9976-41BE-A162-22BEDBD3C3FA}.Debug|Any CPU.ActiveCfg = Debug|Any CPU
		{8146F8D1-9976-41BE-A162-22BEDBD3C3FA}.Debug|Any CPU.Build.0 = Debug|Any CPU
		{8146F8D1-9976-41BE-A162-22BEDBD3C3FA}.Release|Any CPU.ActiveCfg = Release|Any CPU
		{8146F8D1-9976-41BE-A162-22BEDBD3C3FA}.Release|Any CPU.Build.0 = Release|Any CPU
	EndGlobalSection
EndGlobal
